
Microsoft Visual Studio Solution File, Format Version 12.00
# Visual Studio 14
VisualStudioVersion = 14.0.25420.1
MinimumVisualStudioVersion = 10.0.40219.1
Project("{FAE04EC0-301F-11D3-BF4B-00C04F79EFBC}") = "DemoApplication", "DemoApplication\DemoApplication\DemoApplication.csproj", "{7DAFA2A2-6C98-4CA6-840F-3BEAC8D33788}"
EndProject
Project("{FAE04EC0-301F-11D3-BF4B-00C04F79EFBC}") = "DemoApplication.Droid", "DemoApplication\DemoApplication.Droid\DemoApplication.Droid.csproj", "{6A2CBD00-89DD-4C08-88C9-08A66795DAA3}"
EndProject
Project("{FAE04EC0-301F-11D3-BF4B-00C04F79EFBC}") = "DemoApplication.iOS", "DemoApplication\DemoApplication.iOS\DemoApplication.iOS.csproj", "{74FD08FF-65B5-49C4-86A0-FDCC4EBF4E43}"
EndProject
Project("{FAE04EC0-301F-11D3-BF4B-00C04F79EFBC}") = "DemoApplication.WinPhone", "DemoApplication\DemoApplication.WinPhone\DemoApplication.WinPhone.csproj", "{F8EEF195-152B-4378-BBF2-9EFC307324AF}"
EndProject
Project("{FAE04EC0-301F-11D3-BF4B-00C04F79EFBC}") = "DemoApplication.UWP", "DemoApplication\DemoApplication.UWP\DemoApplication.UWP.csproj", "{02EC6A43-ACE2-4D13-98A9-1F0BE02E4FF7}"
EndProject
Project("{FAE04EC0-301F-11D3-BF4B-00C04F79EFBC}") = "DemoApplication.Windows", "DemoApplication\DemoApplication.Windows\DemoApplication.Windows.csproj", "{9F3A296A-D7E8-4D86-A786-73DD3E125A2E}"
EndProject
Global
	GlobalSection(SolutionConfigurationPlatforms) = preSolution
		Ad-Hoc|Any CPU = Ad-Hoc|Any CPU
		Ad-Hoc|ARM = Ad-Hoc|ARM
		Ad-Hoc|iPhone = Ad-Hoc|iPhone
		Ad-Hoc|iPhoneSimulator = Ad-Hoc|iPhoneSimulator
		Ad-Hoc|x64 = Ad-Hoc|x64
		Ad-Hoc|x86 = Ad-Hoc|x86
		AppStore|Any CPU = AppStore|Any CPU
		AppStore|ARM = AppStore|ARM
		AppStore|iPhone = AppStore|iPhone
		AppStore|iPhoneSimulator = AppStore|iPhoneSimulator
		AppStore|x64 = AppStore|x64
		AppStore|x86 = AppStore|x86
		Debug|Any CPU = Debug|Any CPU
		Debug|ARM = Debug|ARM
		Debug|iPhone = Debug|iPhone
		Debug|iPhoneSimulator = Debug|iPhoneSimulator
		Debug|x64 = Debug|x64
		Debug|x86 = Debug|x86
		Release|Any CPU = Release|Any CPU
		Release|ARM = Release|ARM
		Release|iPhone = Release|iPhone
		Release|iPhoneSimulator = Release|iPhoneSimulator
		Release|x64 = Release|x64
		Release|x86 = Release|x86
	EndGlobalSection
	GlobalSection(ProjectConfigurationPlatforms) = postSolution
		{7DAFA2A2-6C98-4CA6-840F-3BEAC8D33788}.Ad-Hoc|Any CPU.ActiveCfg = Release|Any CPU
		{7DAFA2A2-6C98-4CA6-840F-3BEAC8D33788}.Ad-Hoc|Any CPU.Build.0 = Release|Any CPU
		{7DAFA2A2-6C98-4CA6-840F-3BEAC8D33788}.Ad-Hoc|ARM.ActiveCfg = Release|Any CPU
		{7DAFA2A2-6C98-4CA6-840F-3BEAC8D33788}.Ad-Hoc|ARM.Build.0 = Release|Any CPU
		{7DAFA2A2-6C98-4CA6-840F-3BEAC8D33788}.Ad-Hoc|iPhone.ActiveCfg = Release|Any CPU
		{7DAFA2A2-6C98-4CA6-840F-3BEAC8D33788}.Ad-Hoc|iPhone.Build.0 = Release|Any CPU
		{7DAFA2A2-6C98-4CA6-840F-3BEAC8D33788}.Ad-Hoc|iPhoneSimulator.ActiveCfg = Release|Any CPU
		{7DAFA2A2-6C98-4CA6-840F-3BEAC8D33788}.Ad-Hoc|iPhoneSimulator.Build.0 = Release|Any CPU
		{7DAFA2A2-6C98-4CA6-840F-3BEAC8D33788}.Ad-Hoc|x64.ActiveCfg = Release|Any CPU
		{7DAFA2A2-6C98-4CA6-840F-3BEAC8D33788}.Ad-Hoc|x64.Build.0 = Release|Any CPU
		{7DAFA2A2-6C98-4CA6-840F-3BEAC8D33788}.Ad-Hoc|x86.ActiveCfg = Release|Any CPU
		{7DAFA2A2-6C98-4CA6-840F-3BEAC8D33788}.Ad-Hoc|x86.Build.0 = Release|Any CPU
		{7DAFA2A2-6C98-4CA6-840F-3BEAC8D33788}.AppStore|Any CPU.ActiveCfg = Release|Any CPU
		{7DAFA2A2-6C98-4CA6-840F-3BEAC8D33788}.AppStore|Any CPU.Build.0 = Release|Any CPU
		{7DAFA2A2-6C98-4CA6-840F-3BEAC8D33788}.AppStore|ARM.ActiveCfg = Release|Any CPU
		{7DAFA2A2-6C98-4CA6-840F-3BEAC8D33788}.AppStore|ARM.Build.0 = Release|Any CPU
		{7DAFA2A2-6C98-4CA6-840F-3BEAC8D33788}.AppStore|iPhone.ActiveCfg = Release|Any CPU
		{7DAFA2A2-6C98-4CA6-840F-3BEAC8D33788}.AppStore|iPhone.Build.0 = Release|Any CPU
		{7DAFA2A2-6C98-4CA6-840F-3BEAC8D33788}.AppStore|iPhoneSimulator.ActiveCfg = Release|Any CPU
		{7DAFA2A2-6C98-4CA6-840F-3BEAC8D33788}.AppStore|iPhoneSimulator.Build.0 = Release|Any CPU
		{7DAFA2A2-6C98-4CA6-840F-3BEAC8D33788}.AppStore|x64.ActiveCfg = Release|Any CPU
		{7DAFA2A2-6C98-4CA6-840F-3BEAC8D33788}.AppStore|x64.Build.0 = Release|Any CPU
		{7DAFA2A2-6C98-4CA6-840F-3BEAC8D33788}.AppStore|x86.ActiveCfg = Release|Any CPU
		{7DAFA2A2-6C98-4CA6-840F-3BEAC8D33788}.AppStore|x86.Build.0 = Release|Any CPU
		{7DAFA2A2-6C98-4CA6-840F-3BEAC8D33788}.Debug|Any CPU.ActiveCfg = Debug|Any CPU
		{7DAFA2A2-6C98-4CA6-840F-3BEAC8D33788}.Debug|Any CPU.Build.0 = Debug|Any CPU
		{7DAFA2A2-6C98-4CA6-840F-3BEAC8D33788}.Debug|ARM.ActiveCfg = Debug|Any CPU
		{7DAFA2A2-6C98-4CA6-840F-3BEAC8D33788}.Debug|ARM.Build.0 = Debug|Any CPU
		{7DAFA2A2-6C98-4CA6-840F-3BEAC8D33788}.Debug|iPhone.ActiveCfg = Debug|Any CPU
		{7DAFA2A2-6C98-4CA6-840F-3BEAC8D33788}.Debug|iPhone.Build.0 = Debug|Any CPU
		{7DAFA2A2-6C98-4CA6-840F-3BEAC8D33788}.Debug|iPhoneSimulator.ActiveCfg = Debug|Any CPU
		{7DAFA2A2-6C98-4CA6-840F-3BEAC8D33788}.Debug|iPhoneSimulator.Build.0 = Debug|Any CPU
		{7DAFA2A2-6C98-4CA6-840F-3BEAC8D33788}.Debug|x64.ActiveCfg = Debug|Any CPU
		{7DAFA2A2-6C98-4CA6-840F-3BEAC8D33788}.Debug|x64.Build.0 = Debug|Any CPU
		{7DAFA2A2-6C98-4CA6-840F-3BEAC8D33788}.Debug|x86.ActiveCfg = Debug|Any CPU
		{7DAFA2A2-6C98-4CA6-840F-3BEAC8D33788}.Debug|x86.Build.0 = Debug|Any CPU
		{7DAFA2A2-6C98-4CA6-840F-3BEAC8D33788}.Release|Any CPU.ActiveCfg = Release|Any CPU
		{7DAFA2A2-6C98-4CA6-840F-3BEAC8D33788}.Release|Any CPU.Build.0 = Release|Any CPU
		{7DAFA2A2-6C98-4CA6-840F-3BEAC8D33788}.Release|ARM.ActiveCfg = Release|Any CPU
		{7DAFA2A2-6C98-4CA6-840F-3BEAC8D33788}.Release|ARM.Build.0 = Release|Any CPU
		{7DAFA2A2-6C98-4CA6-840F-3BEAC8D33788}.Release|iPhone.ActiveCfg = Release|Any CPU
		{7DAFA2A2-6C98-4CA6-840F-3BEAC8D33788}.Release|iPhone.Build.0 = Release|Any CPU
		{7DAFA2A2-6C98-4CA6-840F-3BEAC8D33788}.Release|iPhoneSimulator.ActiveCfg = Release|Any CPU
		{7DAFA2A2-6C98-4CA6-840F-3BEAC8D33788}.Release|iPhoneSimulator.Build.0 = Release|Any CPU
		{7DAFA2A2-6C98-4CA6-840F-3BEAC8D33788}.Release|x64.ActiveCfg = Release|Any CPU
		{7DAFA2A2-6C98-4CA6-840F-3BEAC8D33788}.Release|x64.Build.0 = Release|Any CPU
		{7DAFA2A2-6C98-4CA6-840F-3BEAC8D33788}.Release|x86.ActiveCfg = Release|Any CPU
		{7DAFA2A2-6C98-4CA6-840F-3BEAC8D33788}.Release|x86.Build.0 = Release|Any CPU
		{6A2CBD00-89DD-4C08-88C9-08A66795DAA3}.Ad-Hoc|Any CPU.ActiveCfg = Release|Any CPU
		{6A2CBD00-89DD-4C08-88C9-08A66795DAA3}.Ad-Hoc|Any CPU.Build.0 = Release|Any CPU
		{6A2CBD00-89DD-4C08-88C9-08A66795DAA3}.Ad-Hoc|Any CPU.Deploy.0 = Release|Any CPU
		{6A2CBD00-89DD-4C08-88C9-08A66795DAA3}.Ad-Hoc|ARM.ActiveCfg = Release|Any CPU
		{6A2CBD00-89DD-4C08-88C9-08A66795DAA3}.Ad-Hoc|ARM.Build.0 = Release|Any CPU
		{6A2CBD00-89DD-4C08-88C9-08A66795DAA3}.Ad-Hoc|ARM.Deploy.0 = Release|Any CPU
		{6A2CBD00-89DD-4C08-88C9-08A66795DAA3}.Ad-Hoc|iPhone.ActiveCfg = Release|Any CPU
		{6A2CBD00-89DD-4C08-88C9-08A66795DAA3}.Ad-Hoc|iPhone.Build.0 = Release|Any CPU
		{6A2CBD00-89DD-4C08-88C9-08A66795DAA3}.Ad-Hoc|iPhone.Deploy.0 = Release|Any CPU
		{6A2CBD00-89DD-4C08-88C9-08A66795DAA3}.Ad-Hoc|iPhoneSimulator.ActiveCfg = Release|Any CPU
		{6A2CBD00-89DD-4C08-88C9-08A66795DAA3}.Ad-Hoc|iPhoneSimulator.Build.0 = Release|Any CPU
		{6A2CBD00-89DD-4C08-88C9-08A66795DAA3}.Ad-Hoc|iPhoneSimulator.Deploy.0 = Release|Any CPU
		{6A2CBD00-89DD-4C08-88C9-08A66795DAA3}.Ad-Hoc|x64.ActiveCfg = Release|Any CPU
		{6A2CBD00-89DD-4C08-88C9-08A66795DAA3}.Ad-Hoc|x64.Build.0 = Release|Any CPU
		{6A2CBD00-89DD-4C08-88C9-08A66795DAA3}.Ad-Hoc|x64.Deploy.0 = Release|Any CPU
		{6A2CBD00-89DD-4C08-88C9-08A66795DAA3}.Ad-Hoc|x86.ActiveCfg = Release|Any CPU
		{6A2CBD00-89DD-4C08-88C9-08A66795DAA3}.Ad-Hoc|x86.Build.0 = Release|Any CPU
		{6A2CBD00-89DD-4C08-88C9-08A66795DAA3}.Ad-Hoc|x86.Deploy.0 = Release|Any CPU
		{6A2CBD00-89DD-4C08-88C9-08A66795DAA3}.AppStore|Any CPU.ActiveCfg = Release|Any CPU
		{6A2CBD00-89DD-4C08-88C9-08A66795DAA3}.AppStore|Any CPU.Build.0 = Release|Any CPU
		{6A2CBD00-89DD-4C08-88C9-08A66795DAA3}.AppStore|Any CPU.Deploy.0 = Release|Any CPU
		{6A2CBD00-89DD-4C08-88C9-08A66795DAA3}.AppStore|ARM.ActiveCfg = Release|Any CPU
		{6A2CBD00-89DD-4C08-88C9-08A66795DAA3}.AppStore|ARM.Build.0 = Release|Any CPU
		{6A2CBD00-89DD-4C08-88C9-08A66795DAA3}.AppStore|ARM.Deploy.0 = Release|Any CPU
		{6A2CBD00-89DD-4C08-88C9-08A66795DAA3}.AppStore|iPhone.ActiveCfg = Release|Any CPU
		{6A2CBD00-89DD-4C08-88C9-08A66795DAA3}.AppStore|iPhone.Build.0 = Release|Any CPU
		{6A2CBD00-89DD-4C08-88C9-08A66795DAA3}.AppStore|iPhone.Deploy.0 = Release|Any CPU
		{6A2CBD00-89DD-4C08-88C9-08A66795DAA3}.AppStore|iPhoneSimulator.ActiveCfg = Release|Any CPU
		{6A2CBD00-89DD-4C08-88C9-08A66795DAA3}.AppStore|iPhoneSimulator.Build.0 = Release|Any CPU
		{6A2CBD00-89DD-4C08-88C9-08A66795DAA3}.AppStore|iPhoneSimulator.Deploy.0 = Release|Any CPU
		{6A2CBD00-89DD-4C08-88C9-08A66795DAA3}.AppStore|x64.ActiveCfg = Release|Any CPU
		{6A2CBD00-89DD-4C08-88C9-08A66795DAA3}.AppStore|x64.Build.0 = Release|Any CPU
		{6A2CBD00-89DD-4C08-88C9-08A66795DAA3}.AppStore|x64.Deploy.0 = Release|Any CPU
		{6A2CBD00-89DD-4C08-88C9-08A66795DAA3}.AppStore|x86.ActiveCfg = Release|Any CPU
		{6A2CBD00-89DD-4C08-88C9-08A66795DAA3}.AppStore|x86.Build.0 = Release|Any CPU
		{6A2CBD00-89DD-4C08-88C9-08A66795DAA3}.AppStore|x86.Deploy.0 = Release|Any CPU
		{6A2CBD00-89DD-4C08-88C9-08A66795DAA3}.Debug|Any CPU.ActiveCfg = Debug|Any CPU
		{6A2CBD00-89DD-4C08-88C9-08A66795DAA3}.Debug|Any CPU.Build.0 = Debug|Any CPU
		{6A2CBD00-89DD-4C08-88C9-08A66795DAA3}.Debug|Any CPU.Deploy.0 = Debug|Any CPU
		{6A2CBD00-89DD-4C08-88C9-08A66795DAA3}.Debug|ARM.ActiveCfg = Debug|Any CPU
		{6A2CBD00-89DD-4C08-88C9-08A66795DAA3}.Debug|ARM.Build.0 = Debug|Any CPU
		{6A2CBD00-89DD-4C08-88C9-08A66795DAA3}.Debug|ARM.Deploy.0 = Debug|Any CPU
		{6A2CBD00-89DD-4C08-88C9-08A66795DAA3}.Debug|iPhone.ActiveCfg = Debug|Any CPU
		{6A2CBD00-89DD-4C08-88C9-08A66795DAA3}.Debug|iPhone.Build.0 = Debug|Any CPU
		{6A2CBD00-89DD-4C08-88C9-08A66795DAA3}.Debug|iPhone.Deploy.0 = Debug|Any CPU
		{6A2CBD00-89DD-4C08-88C9-08A66795DAA3}.Debug|iPhoneSimulator.ActiveCfg = Debug|Any CPU
		{6A2CBD00-89DD-4C08-88C9-08A66795DAA3}.Debug|iPhoneSimulator.Build.0 = Debug|Any CPU
		{6A2CBD00-89DD-4C08-88C9-08A66795DAA3}.Debug|iPhoneSimulator.Deploy.0 = Debug|Any CPU
		{6A2CBD00-89DD-4C08-88C9-08A66795DAA3}.Debug|x64.ActiveCfg = Debug|Any CPU
		{6A2CBD00-89DD-4C08-88C9-08A66795DAA3}.Debug|x64.Build.0 = Debug|Any CPU
		{6A2CBD00-89DD-4C08-88C9-08A66795DAA3}.Debug|x64.Deploy.0 = Debug|Any CPU
		{6A2CBD00-89DD-4C08-88C9-08A66795DAA3}.Debug|x86.ActiveCfg = Debug|Any CPU
		{6A2CBD00-89DD-4C08-88C9-08A66795DAA3}.Debug|x86.Build.0 = Debug|Any CPU
		{6A2CBD00-89DD-4C08-88C9-08A66795DAA3}.Debug|x86.Deploy.0 = Debug|Any CPU
		{6A2CBD00-89DD-4C08-88C9-08A66795DAA3}.Release|Any CPU.ActiveCfg = Release|Any CPU
		{6A2CBD00-89DD-4C08-88C9-08A66795DAA3}.Release|Any CPU.Build.0 = Release|Any CPU
		{6A2CBD00-89DD-4C08-88C9-08A66795DAA3}.Release|Any CPU.Deploy.0 = Release|Any CPU
		{6A2CBD00-89DD-4C08-88C9-08A66795DAA3}.Release|ARM.ActiveCfg = Release|Any CPU
		{6A2CBD00-89DD-4C08-88C9-08A66795DAA3}.Release|ARM.Build.0 = Release|Any CPU
		{6A2CBD00-89DD-4C08-88C9-08A66795DAA3}.Release|ARM.Deploy.0 = Release|Any CPU
		{6A2CBD00-89DD-4C08-88C9-08A66795DAA3}.Release|iPhone.ActiveCfg = Release|Any CPU
		{6A2CBD00-89DD-4C08-88C9-08A66795DAA3}.Release|iPhone.Build.0 = Release|Any CPU
		{6A2CBD00-89DD-4C08-88C9-08A66795DAA3}.Release|iPhone.Deploy.0 = Release|Any CPU
		{6A2CBD00-89DD-4C08-88C9-08A66795DAA3}.Release|iPhoneSimulator.ActiveCfg = Release|Any CPU
		{6A2CBD00-89DD-4C08-88C9-08A66795DAA3}.Release|iPhoneSimulator.Build.0 = Release|Any CPU
		{6A2CBD00-89DD-4C08-88C9-08A66795DAA3}.Release|iPhoneSimulator.Deploy.0 = Release|Any CPU
		{6A2CBD00-89DD-4C08-88C9-08A66795DAA3}.Release|x64.ActiveCfg = Release|Any CPU
		{6A2CBD00-89DD-4C08-88C9-08A66795DAA3}.Release|x64.Build.0 = Release|Any CPU
		{6A2CBD00-89DD-4C08-88C9-08A66795DAA3}.Release|x64.Deploy.0 = Release|Any CPU
		{6A2CBD00-89DD-4C08-88C9-08A66795DAA3}.Release|x86.ActiveCfg = Release|Any CPU
		{6A2CBD00-89DD-4C08-88C9-08A66795DAA3}.Release|x86.Build.0 = Release|Any CPU
		{6A2CBD00-89DD-4C08-88C9-08A66795DAA3}.Release|x86.Deploy.0 = Release|Any CPU
		{74FD08FF-65B5-49C4-86A0-FDCC4EBF4E43}.Ad-Hoc|Any CPU.ActiveCfg = Ad-Hoc|iPhone
		{74FD08FF-65B5-49C4-86A0-FDCC4EBF4E43}.Ad-Hoc|ARM.ActiveCfg = Ad-Hoc|iPhone
		{74FD08FF-65B5-49C4-86A0-FDCC4EBF4E43}.Ad-Hoc|iPhone.ActiveCfg = Ad-Hoc|iPhone
		{74FD08FF-65B5-49C4-86A0-FDCC4EBF4E43}.Ad-Hoc|iPhone.Build.0 = Ad-Hoc|iPhone
		{74FD08FF-65B5-49C4-86A0-FDCC4EBF4E43}.Ad-Hoc|iPhoneSimulator.ActiveCfg = Ad-Hoc|iPhoneSimulator
		{74FD08FF-65B5-49C4-86A0-FDCC4EBF4E43}.Ad-Hoc|iPhoneSimulator.Build.0 = Ad-Hoc|iPhoneSimulator
		{74FD08FF-65B5-49C4-86A0-FDCC4EBF4E43}.Ad-Hoc|x64.ActiveCfg = Ad-Hoc|iPhone
		{74FD08FF-65B5-49C4-86A0-FDCC4EBF4E43}.Ad-Hoc|x86.ActiveCfg = Ad-Hoc|iPhone
		{74FD08FF-65B5-49C4-86A0-FDCC4EBF4E43}.AppStore|Any CPU.ActiveCfg = AppStore|iPhone
		{74FD08FF-65B5-49C4-86A0-FDCC4EBF4E43}.AppStore|ARM.ActiveCfg = AppStore|iPhone
		{74FD08FF-65B5-49C4-86A0-FDCC4EBF4E43}.AppStore|iPhone.ActiveCfg = AppStore|iPhone
		{74FD08FF-65B5-49C4-86A0-FDCC4EBF4E43}.AppStore|iPhone.Build.0 = AppStore|iPhone
		{74FD08FF-65B5-49C4-86A0-FDCC4EBF4E43}.AppStore|iPhoneSimulator.ActiveCfg = AppStore|iPhoneSimulator
		{74FD08FF-65B5-49C4-86A0-FDCC4EBF4E43}.AppStore|iPhoneSimulator.Build.0 = AppStore|iPhoneSimulator
		{74FD08FF-65B5-49C4-86A0-FDCC4EBF4E43}.AppStore|x64.ActiveCfg = AppStore|iPhone
		{74FD08FF-65B5-49C4-86A0-FDCC4EBF4E43}.AppStore|x86.ActiveCfg = AppStore|iPhone
		{74FD08FF-65B5-49C4-86A0-FDCC4EBF4E43}.Debug|Any CPU.ActiveCfg = Debug|iPhone
		{74FD08FF-65B5-49C4-86A0-FDCC4EBF4E43}.Debug|ARM.ActiveCfg = Debug|iPhone
		{74FD08FF-65B5-49C4-86A0-FDCC4EBF4E43}.Debug|iPhone.ActiveCfg = Debug|iPhone
		{74FD08FF-65B5-49C4-86A0-FDCC4EBF4E43}.Debug|iPhone.Build.0 = Debug|iPhone
		{74FD08FF-65B5-49C4-86A0-FDCC4EBF4E43}.Debug|iPhoneSimulator.ActiveCfg = Debug|iPhoneSimulator
		{74FD08FF-65B5-49C4-86A0-FDCC4EBF4E43}.Debug|iPhoneSimulator.Build.0 = Debug|iPhoneSimulator
		{74FD08FF-65B5-49C4-86A0-FDCC4EBF4E43}.Debug|x64.ActiveCfg = Debug|iPhone
		{74FD08FF-65B5-49C4-86A0-FDCC4EBF4E43}.Debug|x86.ActiveCfg = Debug|iPhone
		{74FD08FF-65B5-49C4-86A0-FDCC4EBF4E43}.Release|Any CPU.ActiveCfg = Release|iPhone
		{74FD08FF-65B5-49C4-86A0-FDCC4EBF4E43}.Release|ARM.ActiveCfg = Release|iPhone
		{74FD08FF-65B5-49C4-86A0-FDCC4EBF4E43}.Release|iPhone.ActiveCfg = Release|iPhone
		{74FD08FF-65B5-49C4-86A0-FDCC4EBF4E43}.Release|iPhone.Build.0 = Release|iPhone
		{74FD08FF-65B5-49C4-86A0-FDCC4EBF4E43}.Release|iPhoneSimulator.ActiveCfg = Release|iPhoneSimulator
		{74FD08FF-65B5-49C4-86A0-FDCC4EBF4E43}.Release|iPhoneSimulator.Build.0 = Release|iPhoneSimulator
		{74FD08FF-65B5-49C4-86A0-FDCC4EBF4E43}.Release|x64.ActiveCfg = Release|iPhone
		{74FD08FF-65B5-49C4-86A0-FDCC4EBF4E43}.Release|x86.ActiveCfg = Release|iPhone
		{F8EEF195-152B-4378-BBF2-9EFC307324AF}.Ad-Hoc|Any CPU.ActiveCfg = Release|Any CPU
		{F8EEF195-152B-4378-BBF2-9EFC307324AF}.Ad-Hoc|Any CPU.Build.0 = Release|Any CPU
		{F8EEF195-152B-4378-BBF2-9EFC307324AF}.Ad-Hoc|Any CPU.Deploy.0 = Release|Any CPU
		{F8EEF195-152B-4378-BBF2-9EFC307324AF}.Ad-Hoc|ARM.ActiveCfg = Release|ARM
		{F8EEF195-152B-4378-BBF2-9EFC307324AF}.Ad-Hoc|ARM.Build.0 = Release|ARM
		{F8EEF195-152B-4378-BBF2-9EFC307324AF}.Ad-Hoc|ARM.Deploy.0 = Release|ARM
		{F8EEF195-152B-4378-BBF2-9EFC307324AF}.Ad-Hoc|iPhone.ActiveCfg = Release|Any CPU
		{F8EEF195-152B-4378-BBF2-9EFC307324AF}.Ad-Hoc|iPhone.Build.0 = Release|Any CPU
		{F8EEF195-152B-4378-BBF2-9EFC307324AF}.Ad-Hoc|iPhone.Deploy.0 = Release|Any CPU
		{F8EEF195-152B-4378-BBF2-9EFC307324AF}.Ad-Hoc|iPhoneSimulator.ActiveCfg = Release|Any CPU
		{F8EEF195-152B-4378-BBF2-9EFC307324AF}.Ad-Hoc|iPhoneSimulator.Build.0 = Release|Any CPU
		{F8EEF195-152B-4378-BBF2-9EFC307324AF}.Ad-Hoc|iPhoneSimulator.Deploy.0 = Release|Any CPU
		{F8EEF195-152B-4378-BBF2-9EFC307324AF}.Ad-Hoc|x64.ActiveCfg = Release|Any CPU
		{F8EEF195-152B-4378-BBF2-9EFC307324AF}.Ad-Hoc|x64.Build.0 = Release|Any CPU
		{F8EEF195-152B-4378-BBF2-9EFC307324AF}.Ad-Hoc|x64.Deploy.0 = Release|Any CPU
		{F8EEF195-152B-4378-BBF2-9EFC307324AF}.Ad-Hoc|x86.ActiveCfg = Release|x86
		{F8EEF195-152B-4378-BBF2-9EFC307324AF}.Ad-Hoc|x86.Build.0 = Release|x86
		{F8EEF195-152B-4378-BBF2-9EFC307324AF}.Ad-Hoc|x86.Deploy.0 = Release|x86
		{F8EEF195-152B-4378-BBF2-9EFC307324AF}.AppStore|Any CPU.ActiveCfg = Release|Any CPU
		{F8EEF195-152B-4378-BBF2-9EFC307324AF}.AppStore|Any CPU.Build.0 = Release|Any CPU
		{F8EEF195-152B-4378-BBF2-9EFC307324AF}.AppStore|Any CPU.Deploy.0 = Release|Any CPU
		{F8EEF195-152B-4378-BBF2-9EFC307324AF}.AppStore|ARM.ActiveCfg = Release|ARM
		{F8EEF195-152B-4378-BBF2-9EFC307324AF}.AppStore|ARM.Build.0 = Release|ARM
		{F8EEF195-152B-4378-BBF2-9EFC307324AF}.AppStore|ARM.Deploy.0 = Release|ARM
		{F8EEF195-152B-4378-BBF2-9EFC307324AF}.AppStore|iPhone.ActiveCfg = Release|Any CPU
		{F8EEF195-152B-4378-BBF2-9EFC307324AF}.AppStore|iPhone.Build.0 = Release|Any CPU
		{F8EEF195-152B-4378-BBF2-9EFC307324AF}.AppStore|iPhone.Deploy.0 = Release|Any CPU
		{F8EEF195-152B-4378-BBF2-9EFC307324AF}.AppStore|iPhoneSimulator.ActiveCfg = Release|Any CPU
		{F8EEF195-152B-4378-BBF2-9EFC307324AF}.AppStore|iPhoneSimulator.Build.0 = Release|Any CPU
		{F8EEF195-152B-4378-BBF2-9EFC307324AF}.AppStore|iPhoneSimulator.Deploy.0 = Release|Any CPU
		{F8EEF195-152B-4378-BBF2-9EFC307324AF}.AppStore|x64.ActiveCfg = Release|Any CPU
		{F8EEF195-152B-4378-BBF2-9EFC307324AF}.AppStore|x64.Build.0 = Release|Any CPU
		{F8EEF195-152B-4378-BBF2-9EFC307324AF}.AppStore|x64.Deploy.0 = Release|Any CPU
		{F8EEF195-152B-4378-BBF2-9EFC307324AF}.AppStore|x86.ActiveCfg = Release|x86
		{F8EEF195-152B-4378-BBF2-9EFC307324AF}.AppStore|x86.Build.0 = Release|x86
		{F8EEF195-152B-4378-BBF2-9EFC307324AF}.AppStore|x86.Deploy.0 = Release|x86
		{F8EEF195-152B-4378-BBF2-9EFC307324AF}.Debug|Any CPU.ActiveCfg = Debug|Any CPU
		{F8EEF195-152B-4378-BBF2-9EFC307324AF}.Debug|Any CPU.Build.0 = Debug|Any CPU
		{F8EEF195-152B-4378-BBF2-9EFC307324AF}.Debug|Any CPU.Deploy.0 = Debug|Any CPU
		{F8EEF195-152B-4378-BBF2-9EFC307324AF}.Debug|ARM.ActiveCfg = Debug|ARM
		{F8EEF195-152B-4378-BBF2-9EFC307324AF}.Debug|ARM.Build.0 = Debug|ARM
		{F8EEF195-152B-4378-BBF2-9EFC307324AF}.Debug|ARM.Deploy.0 = Debug|ARM
		{F8EEF195-152B-4378-BBF2-9EFC307324AF}.Debug|iPhone.ActiveCfg = Debug|Any CPU
		{F8EEF195-152B-4378-BBF2-9EFC307324AF}.Debug|iPhone.Build.0 = Debug|Any CPU
		{F8EEF195-152B-4378-BBF2-9EFC307324AF}.Debug|iPhone.Deploy.0 = Debug|Any CPU
		{F8EEF195-152B-4378-BBF2-9EFC307324AF}.Debug|iPhoneSimulator.ActiveCfg = Debug|Any CPU
		{F8EEF195-152B-4378-BBF2-9EFC307324AF}.Debug|iPhoneSimulator.Build.0 = Debug|Any CPU
		{F8EEF195-152B-4378-BBF2-9EFC307324AF}.Debug|iPhoneSimulator.Deploy.0 = Debug|Any CPU
		{F8EEF195-152B-4378-BBF2-9EFC307324AF}.Debug|x64.ActiveCfg = Debug|Any CPU
		{F8EEF195-152B-4378-BBF2-9EFC307324AF}.Debug|x64.Build.0 = Debug|Any CPU
		{F8EEF195-152B-4378-BBF2-9EFC307324AF}.Debug|x64.Deploy.0 = Debug|Any CPU
		{F8EEF195-152B-4378-BBF2-9EFC307324AF}.Debug|x86.ActiveCfg = Debug|x86
		{F8EEF195-152B-4378-BBF2-9EFC307324AF}.Debug|x86.Build.0 = Debug|x86
		{F8EEF195-152B-4378-BBF2-9EFC307324AF}.Debug|x86.Deploy.0 = Debug|x86
		{F8EEF195-152B-4378-BBF2-9EFC307324AF}.Release|Any CPU.ActiveCfg = Release|Any CPU
		{F8EEF195-152B-4378-BBF2-9EFC307324AF}.Release|Any CPU.Build.0 = Release|Any CPU
		{F8EEF195-152B-4378-BBF2-9EFC307324AF}.Release|Any CPU.Deploy.0 = Release|Any CPU
		{F8EEF195-152B-4378-BBF2-9EFC307324AF}.Release|ARM.ActiveCfg = Release|ARM
		{F8EEF195-152B-4378-BBF2-9EFC307324AF}.Release|ARM.Build.0 = Release|ARM
		{F8EEF195-152B-4378-BBF2-9EFC307324AF}.Release|ARM.Deploy.0 = Release|ARM
		{F8EEF195-152B-4378-BBF2-9EFC307324AF}.Release|iPhone.ActiveCfg = Release|Any CPU
		{F8EEF195-152B-4378-BBF2-9EFC307324AF}.Release|iPhone.Build.0 = Release|Any CPU
		{F8EEF195-152B-4378-BBF2-9EFC307324AF}.Release|iPhone.Deploy.0 = Release|Any CPU
		{F8EEF195-152B-4378-BBF2-9EFC307324AF}.Release|iPhoneSimulator.ActiveCfg = Release|Any CPU
		{F8EEF195-152B-4378-BBF2-9EFC307324AF}.Release|iPhoneSimulator.Build.0 = Release|Any CPU
		{F8EEF195-152B-4378-BBF2-9EFC307324AF}.Release|iPhoneSimulator.Deploy.0 = Release|Any CPU
		{F8EEF195-152B-4378-BBF2-9EFC307324AF}.Release|x64.ActiveCfg = Release|Any CPU
		{F8EEF195-152B-4378-BBF2-9EFC307324AF}.Release|x64.Build.0 = Release|Any CPU
		{F8EEF195-152B-4378-BBF2-9EFC307324AF}.Release|x64.Deploy.0 = Release|Any CPU
		{F8EEF195-152B-4378-BBF2-9EFC307324AF}.Release|x86.ActiveCfg = Release|x86
		{F8EEF195-152B-4378-BBF2-9EFC307324AF}.Release|x86.Build.0 = Release|x86
		{F8EEF195-152B-4378-BBF2-9EFC307324AF}.Release|x86.Deploy.0 = Release|x86
		{02EC6A43-ACE2-4D13-98A9-1F0BE02E4FF7}.Ad-Hoc|Any CPU.ActiveCfg = Release|x86
		{02EC6A43-ACE2-4D13-98A9-1F0BE02E4FF7}.Ad-Hoc|Any CPU.Build.0 = Release|x86
		{02EC6A43-ACE2-4D13-98A9-1F0BE02E4FF7}.Ad-Hoc|Any CPU.Deploy.0 = Release|x86
		{02EC6A43-ACE2-4D13-98A9-1F0BE02E4FF7}.Ad-Hoc|ARM.ActiveCfg = Release|ARM
		{02EC6A43-ACE2-4D13-98A9-1F0BE02E4FF7}.Ad-Hoc|ARM.Build.0 = Release|ARM
		{02EC6A43-ACE2-4D13-98A9-1F0BE02E4FF7}.Ad-Hoc|ARM.Deploy.0 = Release|ARM
		{02EC6A43-ACE2-4D13-98A9-1F0BE02E4FF7}.Ad-Hoc|iPhone.ActiveCfg = Release|x86
		{02EC6A43-ACE2-4D13-98A9-1F0BE02E4FF7}.Ad-Hoc|iPhone.Build.0 = Release|x86
		{02EC6A43-ACE2-4D13-98A9-1F0BE02E4FF7}.Ad-Hoc|iPhone.Deploy.0 = Release|x86
		{02EC6A43-ACE2-4D13-98A9-1F0BE02E4FF7}.Ad-Hoc|iPhoneSimulator.ActiveCfg = Release|x86
		{02EC6A43-ACE2-4D13-98A9-1F0BE02E4FF7}.Ad-Hoc|iPhoneSimulator.Build.0 = Release|x86
		{02EC6A43-ACE2-4D13-98A9-1F0BE02E4FF7}.Ad-Hoc|iPhoneSimulator.Deploy.0 = Release|x86
		{02EC6A43-ACE2-4D13-98A9-1F0BE02E4FF7}.Ad-Hoc|x64.ActiveCfg = Release|x64
		{02EC6A43-ACE2-4D13-98A9-1F0BE02E4FF7}.Ad-Hoc|x64.Build.0 = Release|x64
		{02EC6A43-ACE2-4D13-98A9-1F0BE02E4FF7}.Ad-Hoc|x64.Deploy.0 = Release|x64
		{02EC6A43-ACE2-4D13-98A9-1F0BE02E4FF7}.Ad-Hoc|x86.ActiveCfg = Release|x86
		{02EC6A43-ACE2-4D13-98A9-1F0BE02E4FF7}.Ad-Hoc|x86.Build.0 = Release|x86
		{02EC6A43-ACE2-4D13-98A9-1F0BE02E4FF7}.Ad-Hoc|x86.Deploy.0 = Release|x86
		{02EC6A43-ACE2-4D13-98A9-1F0BE02E4FF7}.AppStore|Any CPU.ActiveCfg = Release|x86
		{02EC6A43-ACE2-4D13-98A9-1F0BE02E4FF7}.AppStore|Any CPU.Build.0 = Release|x86
		{02EC6A43-ACE2-4D13-98A9-1F0BE02E4FF7}.AppStore|Any CPU.Deploy.0 = Release|x86
		{02EC6A43-ACE2-4D13-98A9-1F0BE02E4FF7}.AppStore|ARM.ActiveCfg = Release|ARM
		{02EC6A43-ACE2-4D13-98A9-1F0BE02E4FF7}.AppStore|ARM.Build.0 = Release|ARM
		{02EC6A43-ACE2-4D13-98A9-1F0BE02E4FF7}.AppStore|ARM.Deploy.0 = Release|ARM
		{02EC6A43-ACE2-4D13-98A9-1F0BE02E4FF7}.AppStore|iPhone.ActiveCfg = Release|x86
		{02EC6A43-ACE2-4D13-98A9-1F0BE02E4FF7}.AppStore|iPhone.Build.0 = Release|x86
		{02EC6A43-ACE2-4D13-98A9-1F0BE02E4FF7}.AppStore|iPhone.Deploy.0 = Release|x86
		{02EC6A43-ACE2-4D13-98A9-1F0BE02E4FF7}.AppStore|iPhoneSimulator.ActiveCfg = Release|x86
		{02EC6A43-ACE2-4D13-98A9-1F0BE02E4FF7}.AppStore|iPhoneSimulator.Build.0 = Release|x86
		{02EC6A43-ACE2-4D13-98A9-1F0BE02E4FF7}.AppStore|iPhoneSimulator.Deploy.0 = Release|x86
		{02EC6A43-ACE2-4D13-98A9-1F0BE02E4FF7}.AppStore|x64.ActiveCfg = Release|x64
		{02EC6A43-ACE2-4D13-98A9-1F0BE02E4FF7}.AppStore|x64.Build.0 = Release|x64
		{02EC6A43-ACE2-4D13-98A9-1F0BE02E4FF7}.AppStore|x64.Deploy.0 = Release|x64
		{02EC6A43-ACE2-4D13-98A9-1F0BE02E4FF7}.AppStore|x86.ActiveCfg = Release|x86
		{02EC6A43-ACE2-4D13-98A9-1F0BE02E4FF7}.AppStore|x86.Build.0 = Release|x86
		{02EC6A43-ACE2-4D13-98A9-1F0BE02E4FF7}.AppStore|x86.Deploy.0 = Release|x86
		{02EC6A43-ACE2-4D13-98A9-1F0BE02E4FF7}.Debug|Any CPU.ActiveCfg = Debug|x86
		{02EC6A43-ACE2-4D13-98A9-1F0BE02E4FF7}.Debug|ARM.ActiveCfg = Debug|ARM
		{02EC6A43-ACE2-4D13-98A9-1F0BE02E4FF7}.Debug|ARM.Build.0 = Debug|ARM
		{02EC6A43-ACE2-4D13-98A9-1F0BE02E4FF7}.Debug|ARM.Deploy.0 = Debug|ARM
		{02EC6A43-ACE2-4D13-98A9-1F0BE02E4FF7}.Debug|iPhone.ActiveCfg = Debug|x86
		{02EC6A43-ACE2-4D13-98A9-1F0BE02E4FF7}.Debug|iPhoneSimulator.ActiveCfg = Debug|x86
		{02EC6A43-ACE2-4D13-98A9-1F0BE02E4FF7}.Debug|x64.ActiveCfg = Debug|x64
		{02EC6A43-ACE2-4D13-98A9-1F0BE02E4FF7}.Debug|x64.Build.0 = Debug|x64
		{02EC6A43-ACE2-4D13-98A9-1F0BE02E4FF7}.Debug|x64.Deploy.0 = Debug|x64
		{02EC6A43-ACE2-4D13-98A9-1F0BE02E4FF7}.Debug|x86.ActiveCfg = Debug|x86
		{02EC6A43-ACE2-4D13-98A9-1F0BE02E4FF7}.Debug|x86.Build.0 = Debug|x86
		{02EC6A43-ACE2-4D13-98A9-1F0BE02E4FF7}.Debug|x86.Deploy.0 = Debug|x86
		{02EC6A43-ACE2-4D13-98A9-1F0BE02E4FF7}.Release|Any CPU.ActiveCfg = Release|x86
		{02EC6A43-ACE2-4D13-98A9-1F0BE02E4FF7}.Release|ARM.ActiveCfg = Release|ARM
		{02EC6A43-ACE2-4D13-98A9-1F0BE02E4FF7}.Release|ARM.Build.0 = Release|ARM
		{02EC6A43-ACE2-4D13-98A9-1F0BE02E4FF7}.Release|ARM.Deploy.0 = Release|ARM
		{02EC6A43-ACE2-4D13-98A9-1F0BE02E4FF7}.Release|iPhone.ActiveCfg = Release|x86
		{02EC6A43-ACE2-4D13-98A9-1F0BE02E4FF7}.Release|iPhoneSimulator.ActiveCfg = Release|x86
		{02EC6A43-ACE2-4D13-98A9-1F0BE02E4FF7}.Release|x64.ActiveCfg = Release|x64
		{02EC6A43-ACE2-4D13-98A9-1F0BE02E4FF7}.Release|x64.Build.0 = Release|x64
		{02EC6A43-ACE2-4D13-98A9-1F0BE02E4FF7}.Release|x64.Deploy.0 = Release|x64
		{02EC6A43-ACE2-4D13-98A9-1F0BE02E4FF7}.Release|x86.ActiveCfg = Release|x86
		{02EC6A43-ACE2-4D13-98A9-1F0BE02E4FF7}.Release|x86.Build.0 = Release|x86
		{02EC6A43-ACE2-4D13-98A9-1F0BE02E4FF7}.Release|x86.Deploy.0 = Release|x86
		{9F3A296A-D7E8-4D86-A786-73DD3E125A2E}.Ad-Hoc|Any CPU.ActiveCfg = Release|Any CPU
		{9F3A296A-D7E8-4D86-A786-73DD3E125A2E}.Ad-Hoc|Any CPU.Build.0 = Release|Any CPU
		{9F3A296A-D7E8-4D86-A786-73DD3E125A2E}.Ad-Hoc|Any CPU.Deploy.0 = Release|Any CPU
		{9F3A296A-D7E8-4D86-A786-73DD3E125A2E}.Ad-Hoc|ARM.ActiveCfg = Release|ARM
		{9F3A296A-D7E8-4D86-A786-73DD3E125A2E}.Ad-Hoc|ARM.Build.0 = Release|ARM
		{9F3A296A-D7E8-4D86-A786-73DD3E125A2E}.Ad-Hoc|ARM.Deploy.0 = Release|ARM
		{9F3A296A-D7E8-4D86-A786-73DD3E125A2E}.Ad-Hoc|iPhone.ActiveCfg = Release|Any CPU
		{9F3A296A-D7E8-4D86-A786-73DD3E125A2E}.Ad-Hoc|iPhone.Build.0 = Release|Any CPU
		{9F3A296A-D7E8-4D86-A786-73DD3E125A2E}.Ad-Hoc|iPhone.Deploy.0 = Release|Any CPU
		{9F3A296A-D7E8-4D86-A786-73DD3E125A2E}.Ad-Hoc|iPhoneSimulator.ActiveCfg = Release|Any CPU
		{9F3A296A-D7E8-4D86-A786-73DD3E125A2E}.Ad-Hoc|iPhoneSimulator.Build.0 = Release|Any CPU
		{9F3A296A-D7E8-4D86-A786-73DD3E125A2E}.Ad-Hoc|iPhoneSimulator.Deploy.0 = Release|Any CPU
		{9F3A296A-D7E8-4D86-A786-73DD3E125A2E}.Ad-Hoc|x64.ActiveCfg = Release|x64
		{9F3A296A-D7E8-4D86-A786-73DD3E125A2E}.Ad-Hoc|x64.Build.0 = Release|x64
		{9F3A296A-D7E8-4D86-A786-73DD3E125A2E}.Ad-Hoc|x64.Deploy.0 = Release|x64
		{9F3A296A-D7E8-4D86-A786-73DD3E125A2E}.Ad-Hoc|x86.ActiveCfg = Release|x86
		{9F3A296A-D7E8-4D86-A786-73DD3E125A2E}.Ad-Hoc|x86.Build.0 = Release|x86
		{9F3A296A-D7E8-4D86-A786-73DD3E125A2E}.Ad-Hoc|x86.Deploy.0 = Release|x86
		{9F3A296A-D7E8-4D86-A786-73DD3E125A2E}.AppStore|Any CPU.ActiveCfg = Release|Any CPU
		{9F3A296A-D7E8-4D86-A786-73DD3E125A2E}.AppStore|Any CPU.Build.0 = Release|Any CPU
		{9F3A296A-D7E8-4D86-A786-73DD3E125A2E}.AppStore|Any CPU.Deploy.0 = Release|Any CPU
		{9F3A296A-D7E8-4D86-A786-73DD3E125A2E}.AppStore|ARM.ActiveCfg = Release|ARM
		{9F3A296A-D7E8-4D86-A786-73DD3E125A2E}.AppStore|ARM.Build.0 = Release|ARM
		{9F3A296A-D7E8-4D86-A786-73DD3E125A2E}.AppStore|ARM.Deploy.0 = Release|ARM
		{9F3A296A-D7E8-4D86-A786-73DD3E125A2E}.AppStore|iPhone.ActiveCfg = Release|Any CPU
		{9F3A296A-D7E8-4D86-A786-73DD3E125A2E}.AppStore|iPhone.Build.0 = Release|Any CPU
		{9F3A296A-D7E8-4D86-A786-73DD3E125A2E}.AppStore|iPhone.Deploy.0 = Release|Any CPU
		{9F3A296A-D7E8-4D86-A786-73DD3E125A2E}.AppStore|iPhoneSimulator.ActiveCfg = Release|Any CPU
		{9F3A296A-D7E8-4D86-A786-73DD3E125A2E}.AppStore|iPhoneSimulator.Build.0 = Release|Any CPU
		{9F3A296A-D7E8-4D86-A786-73DD3E125A2E}.AppStore|iPhoneSimulator.Deploy.0 = Release|Any CPU
		{9F3A296A-D7E8-4D86-A786-73DD3E125A2E}.AppStore|x64.ActiveCfg = Release|x64
		{9F3A296A-D7E8-4D86-A786-73DD3E125A2E}.AppStore|x64.Build.0 = Release|x64
		{9F3A296A-D7E8-4D86-A786-73DD3E125A2E}.AppStore|x64.Deploy.0 = Release|x64
		{9F3A296A-D7E8-4D86-A786-73DD3E125A2E}.AppStore|x86.ActiveCfg = Release|x86
		{9F3A296A-D7E8-4D86-A786-73DD3E125A2E}.AppStore|x86.Build.0 = Release|x86
		{9F3A296A-D7E8-4D86-A786-73DD3E125A2E}.AppStore|x86.Deploy.0 = Release|x86
		{9F3A296A-D7E8-4D86-A786-73DD3E125A2E}.Debug|Any CPU.ActiveCfg = Debug|Any CPU
		{9F3A296A-D7E8-4D86-A786-73DD3E125A2E}.Debug|Any CPU.Build.0 = Debug|Any CPU
		{9F3A296A-D7E8-4D86-A786-73DD3E125A2E}.Debug|Any CPU.Deploy.0 = Debug|Any CPU
		{9F3A296A-D7E8-4D86-A786-73DD3E125A2E}.Debug|ARM.ActiveCfg = Debug|ARM
		{9F3A296A-D7E8-4D86-A786-73DD3E125A2E}.Debug|ARM.Build.0 = Debug|ARM
		{9F3A296A-D7E8-4D86-A786-73DD3E125A2E}.Debug|ARM.Deploy.0 = Debug|ARM
		{9F3A296A-D7E8-4D86-A786-73DD3E125A2E}.Debug|iPhone.ActiveCfg = Debug|Any CPU
		{9F3A296A-D7E8-4D86-A786-73DD3E125A2E}.Debug|iPhone.Build.0 = Debug|Any CPU
		{9F3A296A-D7E8-4D86-A786-73DD3E125A2E}.Debug|iPhone.Deploy.0 = Debug|Any CPU
		{9F3A296A-D7E8-4D86-A786-73DD3E125A2E}.Debug|iPhoneSimulator.ActiveCfg = Debug|Any CPU
		{9F3A296A-D7E8-4D86-A786-73DD3E125A2E}.Debug|iPhoneSimulator.Build.0 = Debug|Any CPU
		{9F3A296A-D7E8-4D86-A786-73DD3E125A2E}.Debug|iPhoneSimulator.Deploy.0 = Debug|Any CPU
		{9F3A296A-D7E8-4D86-A786-73DD3E125A2E}.Debug|x64.ActiveCfg = Debug|x64
		{9F3A296A-D7E8-4D86-A786-73DD3E125A2E}.Debug|x64.Build.0 = Debug|x64
		{9F3A296A-D7E8-4D86-A786-73DD3E125A2E}.Debug|x64.Deploy.0 = Debug|x64
		{9F3A296A-D7E8-4D86-A786-73DD3E125A2E}.Debug|x86.ActiveCfg = Debug|x86
		{9F3A296A-D7E8-4D86-A786-73DD3E125A2E}.Debug|x86.Build.0 = Debug|x86
		{9F3A296A-D7E8-4D86-A786-73DD3E125A2E}.Debug|x86.Deploy.0 = Debug|x86
		{9F3A296A-D7E8-4D86-A786-73DD3E125A2E}.Release|Any CPU.ActiveCfg = Release|Any CPU
		{9F3A296A-D7E8-4D86-A786-73DD3E125A2E}.Release|Any CPU.Build.0 = Release|Any CPU
		{9F3A296A-D7E8-4D86-A786-73DD3E125A2E}.Release|Any CPU.Deploy.0 = Release|Any CPU
		{9F3A296A-D7E8-4D86-A786-73DD3E125A2E}.Release|ARM.ActiveCfg = Release|ARM
		{9F3A296A-D7E8-4D86-A786-73DD3E125A2E}.Release|ARM.Build.0 = Release|ARM
		{9F3A296A-D7E8-4D86-A786-73DD3E125A2E}.Release|ARM.Deploy.0 = Release|ARM
		{9F3A296A-D7E8-4D86-A786-73DD3E125A2E}.Release|iPhone.ActiveCfg = Release|Any CPU
		{9F3A296A-D7E8-4D86-A786-73DD3E125A2E}.Release|iPhone.Build.0 = Release|Any CPU
		{9F3A296A-D7E8-4D86-A786-73DD3E125A2E}.Release|iPhone.Deploy.0 = Release|Any CPU
		{9F3A296A-D7E8-4D86-A786-73DD3E125A2E}.Release|iPhoneSimulator.ActiveCfg = Release|Any CPU
		{9F3A296A-D7E8-4D86-A786-73DD3E125A2E}.Release|iPhoneSimulator.Build.0 = Release|Any CPU
		{9F3A296A-D7E8-4D86-A786-73DD3E125A2E}.Release|iPhoneSimulator.Deploy.0 = Release|Any CPU
		{9F3A296A-D7E8-4D86-A786-73DD3E125A2E}.Release|x64.ActiveCfg = Release|x64
		{9F3A296A-D7E8-4D86-A786-73DD3E125A2E}.Release|x64.Build.0 = Release|x64
		{9F3A296A-D7E8-4D86-A786-73DD3E125A2E}.Release|x64.Deploy.0 = Release|x64
		{9F3A296A-D7E8-4D86-A786-73DD3E125A2E}.Release|x86.ActiveCfg = Release|x86
		{9F3A296A-D7E8-4D86-A786-73DD3E125A2E}.Release|x86.Build.0 = Release|x86
		{9F3A296A-D7E8-4D86-A786-73DD3E125A2E}.Release|x86.Deploy.0 = Release|x86
	EndGlobalSection
	GlobalSection(SolutionProperties) = preSolution
		HideSolutionNode = FALSE
	EndGlobalSection
EndGlobal
